// !$*UTF8*$!
{
	archiveVersion = 1;
	classes = {
	};
	objectVersion = 56;
	objects = {

/* Begin PBXBuildFile section */
		0562B9C991E832369F56718C /* libPods-task1.a in Frameworks */ = {isa = PBXBuildFile; fileRef = 8FDFDBF74FA09BF8AC325CE6 /* libPods-task1.a */; };
		EFD3C1982BADE6FB006C71A1 /* main.swift in Sources */ = {isa = PBXBuildFile; fileRef = EFD3C1972BADE6FB006C71A1 /* main.swift */; };
		EFD3C1A52BADF0FF006C71A1 /* recipe.swift in Sources */ = {isa = PBXBuildFile; fileRef = EFD3C1A42BADF0FF006C71A1 /* recipe.swift */; };
		EFD3C1A72BADF19D006C71A1 /* recipeDataSource.swift in Sources */ = {isa = PBXBuildFile; fileRef = EFD3C1A62BADF19D006C71A1 /* recipeDataSource.swift */; };
		EFDE9C522BAEEDDA00CE67BD /* libRealm.a in Frameworks */ = {isa = PBXBuildFile; fileRef = EFDE9C502BAEEDDA00CE67BD /* libRealm.a */; };
		EFDE9C532BAEEDDA00CE67BD /* libRealmSwift.a in Frameworks */ = {isa = PBXBuildFile; fileRef = EFDE9C512BAEEDDA00CE67BD /* libRealmSwift.a */; };
/* End PBXBuildFile section */

/* Begin PBXCopyFilesBuildPhase section */
		EFD3C1922BADE6FB006C71A1 /* CopyFiles */ = {
			isa = PBXCopyFilesBuildPhase;
			buildActionMask = 2147483647;
			dstPath = /usr/share/man/man1/;
			dstSubfolderSpec = 0;
			files = (
			);
			runOnlyForDeploymentPostprocessing = 1;
		};
/* End PBXCopyFilesBuildPhase section */

/* Begin PBXFileReference section */
		25796D3185B7BDEC0B01D885 /* Pods-task1.release.xcconfig */ = {isa = PBXFileReference; includeInIndex = 1; lastKnownFileType = text.xcconfig; name = "Pods-task1.release.xcconfig"; path = "Target Support Files/Pods-task1/Pods-task1.release.xcconfig"; sourceTree = "<group>"; };
		2D47968563E5560E9CEB0435 /* Pods-task1.debug.xcconfig */ = {isa = PBXFileReference; includeInIndex = 1; lastKnownFileType = text.xcconfig; name = "Pods-task1.debug.xcconfig"; path = "Target Support Files/Pods-task1/Pods-task1.debug.xcconfig"; sourceTree = "<group>"; };
		8FDFDBF74FA09BF8AC325CE6 /* libPods-task1.a */ = {isa = PBXFileReference; explicitFileType = archive.ar; includeInIndex = 0; path = "libPods-task1.a"; sourceTree = BUILT_PRODUCTS_DIR; };
		EFD3C1942BADE6FB006C71A1 /* task1 */ = {isa = PBXFileReference; explicitFileType = "compiled.mach-o.executable"; includeInIndex = 0; path = task1; sourceTree = BUILT_PRODUCTS_DIR; };
		EFD3C1972BADE6FB006C71A1 /* main.swift */ = {isa = PBXFileReference; lastKnownFileType = sourcecode.swift; path = main.swift; sourceTree = "<group>"; };
		EFD3C1A42BADF0FF006C71A1 /* recipe.swift */ = {isa = PBXFileReference; lastKnownFileType = sourcecode.swift; path = recipe.swift; sourceTree = "<group>"; };
		EFD3C1A62BADF19D006C71A1 /* recipeDataSource.swift */ = {isa = PBXFileReference; lastKnownFileType = sourcecode.swift; path = recipeDataSource.swift; sourceTree = "<group>"; };
		EFDE9C442BAEEBF400CE67BD /* libRealm.a */ = {isa = PBXFileReference; explicitFileType = archive.ar; path = libRealm.a; sourceTree = BUILT_PRODUCTS_DIR; };
		EFDE9C462BAEEBFC00CE67BD /* libRealmSwift.a */ = {isa = PBXFileReference; explicitFileType = archive.ar; path = libRealmSwift.a; sourceTree = BUILT_PRODUCTS_DIR; };
		EFDE9C4C2BAEED6D00CE67BD /* libRealm.a */ = {isa = PBXFileReference; explicitFileType = archive.ar; path = libRealm.a; sourceTree = BUILT_PRODUCTS_DIR; };
		EFDE9C4D2BAEED6D00CE67BD /* libRxRealm.a */ = {isa = PBXFileReference; explicitFileType = archive.ar; path = libRxRealm.a; sourceTree = BUILT_PRODUCTS_DIR; };
		EFDE9C502BAEEDDA00CE67BD /* libRealm.a */ = {isa = PBXFileReference; explicitFileType = archive.ar; path = libRealm.a; sourceTree = BUILT_PRODUCTS_DIR; };
		EFDE9C512BAEEDDA00CE67BD /* libRealmSwift.a */ = {isa = PBXFileReference; explicitFileType = archive.ar; path = libRealmSwift.a; sourceTree = BUILT_PRODUCTS_DIR; };
/* End PBXFileReference section */

/* Begin PBXFrameworksBuildPhase section */
		EFD3C1912BADE6FB006C71A1 /* Frameworks */ = {
			isa = PBXFrameworksBuildPhase;
			buildActionMask = 2147483647;
			files = (
				EFDE9C522BAEEDDA00CE67BD /* libRealm.a in Frameworks */,
				EFDE9C532BAEEDDA00CE67BD /* libRealmSwift.a in Frameworks */,
				0562B9C991E832369F56718C /* libPods-task1.a in Frameworks */,
			);
			runOnlyForDeploymentPostprocessing = 0;
		};
/* End PBXFrameworksBuildPhase section */

/* Begin PBXGroup section */
		CFDCC8747CD09EF80DD94AB9 /* Pods */ = {
			isa = PBXGroup;
			children = (
				2D47968563E5560E9CEB0435 /* Pods-task1.debug.xcconfig */,
				25796D3185B7BDEC0B01D885 /* Pods-task1.release.xcconfig */,
			);
			name = Pods;
			path = ../Pods;
			sourceTree = "<group>";
		};
		EFD3C18B2BADE6FB006C71A1 = {
			isa = PBXGroup;
			children = (
				EFD3C1A32BADF0E8006C71A1 /* Model */,
				EFD3C1962BADE6FB006C71A1 /* task1 */,
				EFD3C1952BADE6FB006C71A1 /* Products */,
				EFDE9C432BAEEBF400CE67BD /* Frameworks */,
				CFDCC8747CD09EF80DD94AB9 /* Pods */,
			);
			sourceTree = "<group>";
		};
		EFD3C1952BADE6FB006C71A1 /* Products */ = {
			isa = PBXGroup;
			children = (
				EFD3C1942BADE6FB006C71A1 /* task1 */,
			);
			name = Products;
			sourceTree = "<group>";
		};
		EFD3C1962BADE6FB006C71A1 /* task1 */ = {
			isa = PBXGroup;
			children = (
				EFD3C1972BADE6FB006C71A1 /* main.swift */,
			);
			path = task1;
			sourceTree = "<group>";
		};
		EFD3C1A32BADF0E8006C71A1 /* Model */ = {
			isa = PBXGroup;
			children = (
				EFD3C1A42BADF0FF006C71A1 /* recipe.swift */,
				EFD3C1A62BADF19D006C71A1 /* recipeDataSource.swift */,
			);
			path = Model;
			sourceTree = "<group>";
		};
		EFDE9C432BAEEBF400CE67BD /* Frameworks */ = {
			isa = PBXGroup;
			children = (
				EFDE9C502BAEEDDA00CE67BD /* libRealm.a */,
				EFDE9C512BAEEDDA00CE67BD /* libRealmSwift.a */,
				EFDE9C4C2BAEED6D00CE67BD /* libRealm.a */,
				EFDE9C4D2BAEED6D00CE67BD /* libRxRealm.a */,
				EFDE9C462BAEEBFC00CE67BD /* libRealmSwift.a */,
				EFDE9C442BAEEBF400CE67BD /* libRealm.a */,
				8FDFDBF74FA09BF8AC325CE6 /* libPods-task1.a */,
			);
			name = Frameworks;
			sourceTree = "<group>";
		};
/* End PBXGroup section */

/* Begin PBXNativeTarget section */
		EFD3C1932BADE6FB006C71A1 /* task1 */ = {
			isa = PBXNativeTarget;
			buildConfigurationList = EFD3C19B2BADE6FB006C71A1 /* Build configuration list for PBXNativeTarget "task1" */;
			buildPhases = (
				0A100D2C050AE9C811C45ADF /* [CP] Check Pods Manifest.lock */,
				EFD3C1902BADE6FB006C71A1 /* Sources */,
				EFD3C1912BADE6FB006C71A1 /* Frameworks */,
				EFD3C1922BADE6FB006C71A1 /* CopyFiles */,
				9D2592C4F12BA4AE17C996BD /* [CP] Copy Pods Resources */,
			);
			buildRules = (
			);
			dependencies = (
			);
			name = task1;
			productName = task1;
			productReference = EFD3C1942BADE6FB006C71A1 /* task1 */;
			productType = "com.apple.product-type.tool";
		};
/* End PBXNativeTarget section */

/* Begin PBXProject section */
		EFD3C18C2BADE6FB006C71A1 /* Project object */ = {
			isa = PBXProject;
			attributes = {
				BuildIndependentTargetsInParallel = 1;
				LastSwiftUpdateCheck = 1530;
				LastUpgradeCheck = 1530;
				TargetAttributes = {
					EFD3C1932BADE6FB006C71A1 = {
						CreatedOnToolsVersion = 15.3;
					};
				};
			};
			buildConfigurationList = EFD3C18F2BADE6FB006C71A1 /* Build configuration list for PBXProject "task1" */;
			compatibilityVersion = "Xcode 14.0";
			developmentRegion = en;
			hasScannedForEncodings = 0;
			knownRegions = (
				en,
				Base,
			);
			mainGroup = EFD3C18B2BADE6FB006C71A1;
			packageReferences = (
				EFD3C19E2BADE7F2006C71A1 /* XCRemoteSwiftPackageReference "realm-swift" */,
			);
			productRefGroup = EFD3C1952BADE6FB006C71A1 /* Products */;
			projectDirPath = "";
			projectRoot = "";
			targets = (
				EFD3C1932BADE6FB006C71A1 /* task1 */,
			);
		};
/* End PBXProject section */

/* Begin PBXShellScriptBuildPhase section */
		0A100D2C050AE9C811C45ADF /* [CP] Check Pods Manifest.lock */ = {
			isa = PBXShellScriptBuildPhase;
			buildActionMask = 2147483647;
			files = (
			);
			inputFileListPaths = (
			);
			inputPaths = (
				"${PODS_PODFILE_DIR_PATH}/Podfile.lock",
				"${PODS_ROOT}/Manifest.lock",
			);
			name = "[CP] Check Pods Manifest.lock";
			outputFileListPaths = (
			);
			outputPaths = (
				"$(DERIVED_FILE_DIR)/Pods-task1-checkManifestLockResult.txt",
			);
			runOnlyForDeploymentPostprocessing = 0;
			shellPath = /bin/sh;
			shellScript = "diff \"${PODS_PODFILE_DIR_PATH}/Podfile.lock\" \"${PODS_ROOT}/Manifest.lock\" > /dev/null\nif [ $? != 0 ] ; then\n    # print error to STDERR\n    echo \"error: The sandbox is not in sync with the Podfile.lock. Run 'pod install' or update your CocoaPods installation.\" >&2\n    exit 1\nfi\n# This output is used by Xcode 'outputs' to avoid re-running this script phase.\necho \"SUCCESS\" > \"${SCRIPT_OUTPUT_FILE_0}\"\n";
			showEnvVarsInLog = 0;
		};
		9D2592C4F12BA4AE17C996BD /* [CP] Copy Pods Resources */ = {
			isa = PBXShellScriptBuildPhase;
			buildActionMask = 2147483647;
			files = (
			);
			inputFileListPaths = (
				"${PODS_ROOT}/Target Support Files/Pods-task1/Pods-task1-resources-${CONFIGURATION}-input-files.xcfilelist",
			);
			name = "[CP] Copy Pods Resources";
			outputFileListPaths = (
				"${PODS_ROOT}/Target Support Files/Pods-task1/Pods-task1-resources-${CONFIGURATION}-output-files.xcfilelist",
			);
			runOnlyForDeploymentPostprocessing = 0;
			shellPath = /bin/sh;
			shellScript = "\"${PODS_ROOT}/Target Support Files/Pods-task1/Pods-task1-resources.sh\"\n";
			showEnvVarsInLog = 0;
		};
/* End PBXShellScriptBuildPhase section */

/* Begin PBXSourcesBuildPhase section */
		EFD3C1902BADE6FB006C71A1 /* Sources */ = {
			isa = PBXSourcesBuildPhase;
			buildActionMask = 2147483647;
			files = (
				EFD3C1982BADE6FB006C71A1 /* main.swift in Sources */,
				EFD3C1A72BADF19D006C71A1 /* recipeDataSource.swift in Sources */,
				EFD3C1A52BADF0FF006C71A1 /* recipe.swift in Sources */,
			);
			runOnlyForDeploymentPostprocessing = 0;
		};
/* End PBXSourcesBuildPhase section */

/* Begin XCBuildConfiguration section */
		EFD3C1992BADE6FB006C71A1 /* Debug */ = {
			isa = XCBuildConfiguration;
			buildSettings = {
				ALWAYS_SEARCH_USER_PATHS = NO;
				ASSETCATALOG_COMPILER_GENERATE_SWIFT_ASSET_SYMBOL_EXTENSIONS = YES;
				CLANG_ANALYZER_NONNULL = YES;
				CLANG_ANALYZER_NUMBER_OBJECT_CONVERSION = YES_AGGRESSIVE;
				CLANG_CXX_LANGUAGE_STANDARD = "gnu++20";
				CLANG_ENABLE_MODULES = YES;
				CLANG_ENABLE_OBJC_ARC = YES;
				CLANG_ENABLE_OBJC_WEAK = YES;
				CLANG_WARN_BLOCK_CAPTURE_AUTORELEASING = YES;
				CLANG_WARN_BOOL_CONVERSION = YES;
				CLANG_WARN_COMMA = YES;
				CLANG_WARN_CONSTANT_CONVERSION = YES;
				CLANG_WARN_DEPRECATED_OBJC_IMPLEMENTATIONS = YES;
				CLANG_WARN_DIRECT_OBJC_ISA_USAGE = YES_ERROR;
				CLANG_WARN_DOCUMENTATION_COMMENTS = YES;
				CLANG_WARN_EMPTY_BODY = YES;
				CLANG_WARN_ENUM_CONVERSION = YES;
				CLANG_WARN_INFINITE_RECURSION = YES;
				CLANG_WARN_INT_CONVERSION = YES;
				CLANG_WARN_NON_LITERAL_NULL_CONVERSION = YES;
				CLANG_WARN_OBJC_IMPLICIT_RETAIN_SELF = YES;
				CLANG_WARN_OBJC_LITERAL_CONVERSION = YES;
				CLANG_WARN_OBJC_ROOT_CLASS = YES_ERROR;
				CLANG_WARN_QUOTED_INCLUDE_IN_FRAMEWORK_HEADER = YES;
				CLANG_WARN_RANGE_LOOP_ANALYSIS = YES;
				CLANG_WARN_STRICT_PROTOTYPES = YES;
				CLANG_WARN_SUSPICIOUS_MOVE = YES;
				CLANG_WARN_UNGUARDED_AVAILABILITY = YES_AGGRESSIVE;
				CLANG_WARN_UNREACHABLE_CODE = YES;
				CLANG_WARN__DUPLICATE_METHOD_MATCH = YES;
				COPY_PHASE_STRIP = NO;
				DEBUG_INFORMATION_FORMAT = dwarf;
				ENABLE_STRICT_OBJC_MSGSEND = YES;
				ENABLE_TESTABILITY = YES;
				ENABLE_USER_SCRIPT_SANDBOXING = YES;
				GCC_C_LANGUAGE_STANDARD = gnu17;
				GCC_DYNAMIC_NO_PIC = NO;
				GCC_NO_COMMON_BLOCKS = YES;
				GCC_OPTIMIZATION_LEVEL = 0;
				GCC_PREPROCESSOR_DEFINITIONS = (
					"DEBUG=1",
					"$(inherited)",
				);
				GCC_WARN_64_TO_32_BIT_CONVERSION = YES;
				GCC_WARN_ABOUT_RETURN_TYPE = YES_ERROR;
				GCC_WARN_UNDECLARED_SELECTOR = YES;
				GCC_WARN_UNINITIALIZED_AUTOS = YES_AGGRESSIVE;
				GCC_WARN_UNUSED_FUNCTION = YES;
				GCC_WARN_UNUSED_VARIABLE = YES;
				LOCALIZATION_PREFERS_STRING_CATALOGS = YES;
				MACOSX_DEPLOYMENT_TARGET = 14.4;
				MTL_ENABLE_DEBUG_INFO = INCLUDE_SOURCE;
				MTL_FAST_MATH = YES;
				ONLY_ACTIVE_ARCH = YES;
				SDKROOT = macosx;
				SWIFT_ACTIVE_COMPILATION_CONDITIONS = "DEBUG $(inherited)";
				SWIFT_OPTIMIZATION_LEVEL = "-Onone";
			};
			name = Debug;
		};
		EFD3C19A2BADE6FB006C71A1 /* Release */ = {
			isa = XCBuildConfiguration;
			buildSettings = {
				ALWAYS_SEARCH_USER_PATHS = NO;
				ASSETCATALOG_COMPILER_GENERATE_SWIFT_ASSET_SYMBOL_EXTENSIONS = YES;
				CLANG_ANALYZER_NONNULL = YES;
				CLANG_ANALYZER_NUMBER_OBJECT_CONVERSION = YES_AGGRESSIVE;
				CLANG_CXX_LANGUAGE_STANDARD = "gnu++20";
				CLANG_ENABLE_MODULES = YES;
				CLANG_ENABLE_OBJC_ARC = YES;
				CLANG_ENABLE_OBJC_WEAK = YES;
				CLANG_WARN_BLOCK_CAPTURE_AUTORELEASING = YES;
				CLANG_WARN_BOOL_CONVERSION = YES;
				CLANG_WARN_COMMA = YES;
				CLANG_WARN_CONSTANT_CONVERSION = YES;
				CLANG_WARN_DEPRECATED_OBJC_IMPLEMENTATIONS = YES;
				CLANG_WARN_DIRECT_OBJC_ISA_USAGE = YES_ERROR;
				CLANG_WARN_DOCUMENTATION_COMMENTS = YES;
				CLANG_WARN_EMPTY_BODY = YES;
				CLANG_WARN_ENUM_CONVERSION = YES;
				CLANG_WARN_INFINITE_RECURSION = YES;
				CLANG_WARN_INT_CONVERSION = YES;
				CLANG_WARN_NON_LITERAL_NULL_CONVERSION = YES;
				CLANG_WARN_OBJC_IMPLICIT_RETAIN_SELF = YES;
				CLANG_WARN_OBJC_LITERAL_CONVERSION = YES;
				CLANG_WARN_OBJC_ROOT_CLASS = YES_ERROR;
				CLANG_WARN_QUOTED_INCLUDE_IN_FRAMEWORK_HEADER = YES;
				CLANG_WARN_RANGE_LOOP_ANALYSIS = YES;
				CLANG_WARN_STRICT_PROTOTYPES = YES;
				CLANG_WARN_SUSPICIOUS_MOVE = YES;
				CLANG_WARN_UNGUARDED_AVAILABILITY = YES_AGGRESSIVE;
				CLANG_WARN_UNREACHABLE_CODE = YES;
				CLANG_WARN__DUPLICATE_METHOD_MATCH = YES;
				COPY_PHASE_STRIP = NO;
				DEBUG_INFORMATION_FORMAT = "dwarf-with-dsym";
				ENABLE_NS_ASSERTIONS = NO;
				ENABLE_STRICT_OBJC_MSGSEND = YES;
				ENABLE_USER_SCRIPT_SANDBOXING = YES;
				GCC_C_LANGUAGE_STANDARD = gnu17;
				GCC_NO_COMMON_BLOCKS = YES;
				GCC_WARN_64_TO_32_BIT_CONVERSION = YES;
				GCC_WARN_ABOUT_RETURN_TYPE = YES_ERROR;
				GCC_WARN_UNDECLARED_SELECTOR = YES;
				GCC_WARN_UNINITIALIZED_AUTOS = YES_AGGRESSIVE;
				GCC_WARN_UNUSED_FUNCTION = YES;
				GCC_WARN_UNUSED_VARIABLE = YES;
				LOCALIZATION_PREFERS_STRING_CATALOGS = YES;
				MACOSX_DEPLOYMENT_TARGET = 14.4;
				MTL_ENABLE_DEBUG_INFO = NO;
				MTL_FAST_MATH = YES;
				SDKROOT = macosx;
				SWIFT_COMPILATION_MODE = wholemodule;
			};
			name = Release;
		};
		EFD3C19C2BADE6FB006C71A1 /* Debug */ = {
			isa = XCBuildConfiguration;
			baseConfigurationReference = 2D47968563E5560E9CEB0435 /* Pods-task1.debug.xcconfig */;
			buildSettings = {
				CODE_SIGN_STYLE = Automatic;
				PRODUCT_NAME = "$(TARGET_NAME)";
				SWIFT_VERSION = 5.0;
			};
			name = Debug;
		};
		EFD3C19D2BADE6FB006C71A1 /* Release */ = {
			isa = XCBuildConfiguration;
			baseConfigurationReference = 25796D3185B7BDEC0B01D885 /* Pods-task1.release.xcconfig */;
			buildSettings = {
				CODE_SIGN_STYLE = Automatic;
				PRODUCT_NAME = "$(TARGET_NAME)";
				SWIFT_VERSION = 5.0;
			};
			name = Release;
		};
/* End XCBuildConfiguration section */

/* Begin XCConfigurationList section */
		EFD3C18F2BADE6FB006C71A1 /* Build configuration list for PBXProject "task1" */ = {
			isa = XCConfigurationList;
			buildConfigurations = (
				EFD3C1992BADE6FB006C71A1 /* Debug */,
				EFD3C19A2BADE6FB006C71A1 /* Release */,
			);
			defaultConfigurationIsVisible = 0;
			defaultConfigurationName = Release;
		};
		EFD3C19B2BADE6FB006C71A1 /* Build configuration list for PBXNativeTarget "task1" */ = {
			isa = XCConfigurationList;
			buildConfigurations = (
				EFD3C19C2BADE6FB006C71A1 /* Debug */,
				EFD3C19D2BADE6FB006C71A1 /* Release */,
			);
			defaultConfigurationIsVisible = 0;
			defaultConfigurationName = Release;
		};
/* End XCConfigurationList section */

/* Begin XCRemoteSwiftPackageReference section */
		EFD3C19E2BADE7F2006C71A1 /* XCRemoteSwiftPackageReference "realm-swift" */ = {
			isa = XCRemoteSwiftPackageReference;
			repositoryURL = "https://github.com/realm/realm-swift.git";
			requirement = {
				branch = master;
				kind = branch;
			};
		};
/* End XCRemoteSwiftPackageReference section */
	};
	rootObject = EFD3C18C2BADE6FB006C71A1 /* Project object */;
}
